{
  "version": 4,
  "terraform_version": "1.8.1",
  "serial": 55,
  "lineage": "a3db9fba-28d7-efcf-d8df-4e2152c57597",
  "outputs": {},
  "resources": [
    {
      "module": "module.dns",
      "mode": "managed",
      "type": "google_dns_managed_zone",
      "name": "dns_zone",
      "provider": "provider[\"registry.terraform.io/hashicorp/google\"]",
      "instances": [
        {
          "schema_version": 0,
          "attributes": {
            "cloud_logging_config": [
              {
                "enable_logging": false
              }
            ],
            "creation_time": "2024-05-04T14:50:57.785Z",
            "description": "DNS zone for minimeisme.com",
            "dns_name": "minimeisme.com.",
            "dnssec_config": [],
            "effective_labels": {},
            "force_destroy": false,
            "forwarding_config": [],
            "id": "projects/portfogram-k8s/managedZones/minimeisme-zone",
            "labels": {},
            "managed_zone_id": 1036048224683003239,
            "name": "minimeisme-zone",
            "name_servers": [
              "ns-cloud-e1.googledomains.com.",
              "ns-cloud-e2.googledomains.com.",
              "ns-cloud-e3.googledomains.com.",
              "ns-cloud-e4.googledomains.com."
            ],
            "peering_config": [],
            "private_visibility_config": [],
            "project": "portfogram-k8s",
            "terraform_labels": {},
            "timeouts": null,
            "visibility": "public"
          },
          "sensitive_attributes": [],
          "private": "eyJlMmJmYjczMC1lY2FhLTExZTYtOGY4OC0zNDM2M2JjN2M0YzAiOnsiY3JlYXRlIjoxMjAwMDAwMDAwMDAwLCJkZWxldGUiOjEyMDAwMDAwMDAwMDAsInVwZGF0ZSI6MTIwMDAwMDAwMDAwMH19"
        }
      ]
    },
    {
      "module": "module.gke",
      "mode": "managed",
      "type": "google_container_cluster",
      "name": "primary",
      "provider": "module.gke.provider[\"registry.terraform.io/hashicorp/google\"]",
      "instances": [
        {
          "schema_version": 2,
          "attributes": {
            "addons_config": [
              {
                "cloudrun_config": [],
                "config_connector_config": [],
                "dns_cache_config": [],
                "gce_persistent_disk_csi_driver_config": [
                  {
                    "enabled": true
                  }
                ],
                "gcp_filestore_csi_driver_config": [],
                "gcs_fuse_csi_driver_config": [],
                "gke_backup_agent_config": [],
                "horizontal_pod_autoscaling": [],
                "http_load_balancing": [],
                "network_policy_config": [
                  {
                    "disabled": true
                  }
                ],
                "stateful_ha_config": []
              }
            ],
            "allow_net_admin": null,
            "authenticator_groups_config": [],
            "binary_authorization": [
              {
                "enabled": false,
                "evaluation_mode": ""
              }
            ],
            "cluster_autoscaling": [
              {
                "auto_provisioning_defaults": [],
                "autoscaling_profile": "BALANCED",
                "enabled": false,
                "resource_limits": []
              }
            ],
            "cluster_ipv4_cidr": "10.248.0.0/14",
            "confidential_nodes": [],
            "cost_management_config": [],
            "database_encryption": [
              {
                "key_name": "",
                "state": "DECRYPTED"
              }
            ],
            "datapath_provider": "",
            "default_max_pods_per_node": 110,
            "default_snat_status": [
              {
                "disabled": false
              }
            ],
            "deletion_protection": true,
            "description": "",
            "dns_config": [],
            "enable_autopilot": false,
            "enable_cilium_clusterwide_network_policy": false,
            "enable_intranode_visibility": false,
            "enable_k8s_beta_apis": [],
            "enable_kubernetes_alpha": false,
            "enable_l4_ilb_subsetting": false,
            "enable_legacy_abac": false,
            "enable_shielded_nodes": true,
            "enable_tpu": false,
            "endpoint": "34.64.133.198",
            "fleet": [],
            "gateway_api_config": [],
            "id": "projects/portfogram-k8s/locations/asia-northeast3/clusters/portfogram-cluster",
            "identity_service_config": [],
            "initial_node_count": 0,
            "ip_allocation_policy": [
              {
                "additional_pod_ranges_config": [],
                "cluster_ipv4_cidr_block": "10.248.0.0/14",
                "cluster_secondary_range_name": "gke-portfogram-cluster-pods-4912ecfd",
                "pod_cidr_overprovision_config": [
                  {
                    "disabled": false
                  }
                ],
                "services_ipv4_cidr_block": "10.170.128.0/20",
                "services_secondary_range_name": "gke-portfogram-cluster-services-4912ecfd",
                "stack_type": "IPV4"
              }
            ],
            "label_fingerprint": "a9dc16a7",
            "location": "asia-northeast3",
            "logging_config": [
              {
                "enable_components": [
                  "SYSTEM_COMPONENTS",
                  "WORKLOADS"
                ]
              }
            ],
            "logging_service": "logging.googleapis.com/kubernetes",
            "maintenance_policy": [],
            "master_auth": [
              {
                "client_certificate": "",
                "client_certificate_config": [
                  {
                    "issue_client_certificate": false
                  }
                ],
                "client_key": "",
                "cluster_ca_certificate": "LS0tLS1CRUdJTiBDRVJUSUZJQ0FURS0tLS0tCk1JSUVMVENDQXBXZ0F3SUJBZ0lSQUtWbGRIa29wZFVURGQxU1U0a0VGQVV3RFFZSktvWklodmNOQVFFTEJRQXcKTHpFdE1Dc0dBMVVFQXhNa05tSTNZV1UwTlRrdE1qRTFZaTAwTVdKakxUZ3pORGt0TnpSak4yWTJZVFJpTVRrMgpNQ0FYRFRJME1EVXdNakV3TlRVeE0xb1lEekl3TlRRd05ESTFNVEUxTlRFeldqQXZNUzB3S3dZRFZRUURFeVEyCllqZGhaVFExT1MweU1UVmlMVFF4WW1NdE9ETTBPUzAzTkdNM1pqWmhOR0l4T1RZd2dnR2lNQTBHQ1NxR1NJYjMKRFFFQkFRVUFBNElCandBd2dnR0tBb0lCZ1FES2ZVN2t4akVvajJxUjNyVUNsZG01anNVYXdManVXVnlrZlJPeApXV3VJd3QwL2NYQW9TbmtFczdzYzNGTHF5a2xRbjhNL0dCWGtjSkxJZSsrd1dFSnRva3VxYkVFd0RWeERYeEw4CmRuUzVvcjFYV21yNzFDUUtONkYyWVBmYmtKZW81Z3QyZTFwYkNDb1pYdEh0UUVLWGc2dWxkWk92MEthdU94R1oKT3RqTWtjQU1HOVhZOWh4a0FYNURqSXNoYXVIdzBnL0xOSzhrbjJPM3QxWFNlRHV5ZWUxRmZ5Y3hCYTZZSll1Mgo3WGhuSExsL0tsTFZ3UUI3dnZLMnQxSzlZQ3NwdURSa3FLRy9aMkk1SkkwZ01DQUFRMzNFQWRLVzd5UHpBbExWCkc0dTlEaWpHSWpQckVXaWtLSVVkSDVMVUFYYm9tNVd1UnhITHg5R3lGeWs2YkNOQVdyKzNJZEZqWUZWVE4ySjMKR0JlRjM2YW82U2pWejBlQUNaNCs3QjZZa3o1L0duRFNWU0FoYlhxa0pSdDNjbFJjQ1E4RjBXTWxRVVJlNXI1TApxb21yOHJlbER6ZElmOEdsZ1Rvcnh1eXhpMFVraWYwSGNGbWxDY3ZiYWZ6bzd3WWpWeE5MMVpsVFZnV3o4ckUzClZlMXBSbjRUNEZKUmhwOWR0RDc1dVBFd0RRY0NBd0VBQWFOQ01FQXdEZ1lEVlIwUEFRSC9CQVFEQWdJRU1BOEcKQTFVZEV3RUIvd1FGTUFNQkFmOHdIUVlEVlIwT0JCWUVGSVdjSjRvUlJmc1NMV21TQXpCK0VOQmxxbFpWTUEwRwpDU3FHU0liM0RRRUJDd1VBQTRJQmdRQXYzUDhDYlBlc3VrU0tTbzVVL2o2SWVqeU1KUmQvKzdUS3k4UDM5WXhMCmE5SmltaWJzMWhNd1JrRVU0RzRNM1pSNVp2MGpueVpqdVRHNHBJZDZGbGJIMjhmQUZKcXdaUzFHeVlPUmtMUTcKcEc0bS9yUXNsYVBTY0h3YU1yaHFHSGdCeUtKa0MyaGlxYTRwYmdxYTFHa2RnMEh6bjRsZ3ZBeit4aDNkM1h6aApkSFJNam5yL3pWbTRMM2tzYW1yTmd4OGRCRlYxTDJvOEpDcFZ4TmtaZzVEb2VvN3VFcTU3eHhhbGluOTMxNVhaCllvNmg3S0s3NXU4MHQ5NE56U00zSUNPRTB4SlZBMndBcjhjeDR6dXpxN0hYeDRsNEIyUENHajdUcmFSMkhnL2QKRFlxUXZENmFxZ3B5VXlLeXpiSmk0eVBrY0xSZ0NOZ1UrY0w1TnhvV0lmekFlRjUxaXptOUtvNWFrTWYxNG5ZZgo5bzI2WmNkblZBWHRaTHVsUHVnSlRXZkJyWTFGZ0t4N0pWWStpS3owRGVRQnpQaG9tQTRldW1pR3ByMmN3dElYCm45LzhKdEV4N3NzeXhOc0xoSjlNWG5KTXpnM2VySFRNNFFTbWRDVXoveGtjdFR5TFBPNFA5Z0Y3UU9yd2ozSEYKTThZeGM0K2IrZHl0SkVuU1dhUU5ncG89Ci0tLS0tRU5EIENFUlRJRklDQVRFLS0tLS0K"
              }
            ],
            "master_authorized_networks_config": [],
            "master_version": "1.28.7-gke.1026000",
            "mesh_certificates": [],
            "min_master_version": null,
            "monitoring_config": [
              {
                "advanced_datapath_observability_config": [
                  {
                    "enable_metrics": false,
                    "enable_relay": false,
                    "relay_mode": "DISABLED"
                  }
                ],
                "enable_components": [
                  "SYSTEM_COMPONENTS"
                ],
                "managed_prometheus": [
                  {
                    "enabled": true
                  }
                ]
              }
            ],
            "monitoring_service": "monitoring.googleapis.com/kubernetes",
            "name": "portfogram-cluster",
            "network": "projects/portfogram-k8s/global/networks/dev-vpc",
            "network_policy": [
              {
                "enabled": false,
                "provider": "PROVIDER_UNSPECIFIED"
              }
            ],
            "networking_mode": "VPC_NATIVE",
            "node_config": [
              {
                "advanced_machine_features": [],
                "boot_disk_kms_key": "",
                "confidential_nodes": [],
                "disk_size_gb": 10,
                "disk_type": "pd-balanced",
                "effective_taints": [],
                "enable_confidential_storage": false,
                "ephemeral_storage_local_ssd_config": [],
                "fast_socket": [],
                "gcfs_config": [],
                "guest_accelerator": [],
                "gvnic": [],
                "host_maintenance_policy": [],
                "image_type": "UBUNTU_CONTAINERD",
                "kubelet_config": [],
                "labels": {},
                "linux_node_config": [],
                "local_nvme_ssd_block_config": [],
                "local_ssd_count": 0,
                "logging_variant": "DEFAULT",
                "machine_type": "e2-medium",
                "metadata": {
                  "disable-legacy-endpoints": "true"
                },
                "min_cpu_platform": "",
                "node_group": "",
                "oauth_scopes": [
                  "https://www.googleapis.com/auth/compute",
                  "https://www.googleapis.com/auth/devstorage.read_only",
                  "https://www.googleapis.com/auth/logging.write",
                  "https://www.googleapis.com/auth/monitoring"
                ],
                "preemptible": false,
                "reservation_affinity": [],
                "resource_labels": {},
                "resource_manager_tags": {},
                "service_account": "default",
                "shielded_instance_config": [
                  {
                    "enable_integrity_monitoring": true,
                    "enable_secure_boot": false
                  }
                ],
                "sole_tenant_config": [],
                "spot": false,
                "tags": [],
                "taint": [],
                "workload_metadata_config": []
              }
            ],
            "node_locations": [
              "asia-northeast3-a",
              "asia-northeast3-b",
              "asia-northeast3-c"
            ],
            "node_pool": [
              {
                "autoscaling": [],
                "initial_node_count": 1,
                "instance_group_urls": [
                  "https://www.googleapis.com/compute/v1/projects/portfogram-k8s/zones/asia-northeast3-c/instanceGroupManagers/gke-portfogram-clust-portfogram-clust-aac48d25-grp",
                  "https://www.googleapis.com/compute/v1/projects/portfogram-k8s/zones/asia-northeast3-b/instanceGroupManagers/gke-portfogram-clust-portfogram-clust-66a0af5d-grp",
                  "https://www.googleapis.com/compute/v1/projects/portfogram-k8s/zones/asia-northeast3-a/instanceGroupManagers/gke-portfogram-clust-portfogram-clust-3cbaa7bf-grp"
                ],
                "managed_instance_group_urls": [
                  "https://www.googleapis.com/compute/v1/projects/portfogram-k8s/zones/asia-northeast3-c/instanceGroups/gke-portfogram-clust-portfogram-clust-aac48d25-grp",
                  "https://www.googleapis.com/compute/v1/projects/portfogram-k8s/zones/asia-northeast3-b/instanceGroups/gke-portfogram-clust-portfogram-clust-66a0af5d-grp",
                  "https://www.googleapis.com/compute/v1/projects/portfogram-k8s/zones/asia-northeast3-a/instanceGroups/gke-portfogram-clust-portfogram-clust-3cbaa7bf-grp"
                ],
                "management": [
                  {
                    "auto_repair": true,
                    "auto_upgrade": true
                  }
                ],
                "max_pods_per_node": 110,
                "name": "portfogram-cluster-pool",
                "name_prefix": "",
                "network_config": [
                  {
                    "create_pod_range": false,
                    "enable_private_nodes": false,
                    "network_performance_config": [],
                    "pod_cidr_overprovision_config": [],
                    "pod_ipv4_cidr_block": "10.248.0.0/14",
                    "pod_range": "gke-portfogram-cluster-pods-4912ecfd"
                  }
                ],
                "node_config": [
                  {
                    "advanced_machine_features": [],
                    "boot_disk_kms_key": "",
                    "confidential_nodes": [],
                    "disk_size_gb": 10,
                    "disk_type": "pd-balanced",
                    "effective_taints": [],
                    "enable_confidential_storage": false,
                    "ephemeral_storage_local_ssd_config": [],
                    "fast_socket": [],
                    "gcfs_config": [],
                    "guest_accelerator": [],
                    "gvnic": [],
                    "host_maintenance_policy": [],
                    "image_type": "UBUNTU_CONTAINERD",
                    "kubelet_config": [],
                    "labels": {},
                    "linux_node_config": [],
                    "local_nvme_ssd_block_config": [],
                    "local_ssd_count": 0,
                    "logging_variant": "DEFAULT",
                    "machine_type": "e2-medium",
                    "metadata": {
                      "disable-legacy-endpoints": "true"
                    },
                    "min_cpu_platform": "",
                    "node_group": "",
                    "oauth_scopes": [
                      "https://www.googleapis.com/auth/compute",
                      "https://www.googleapis.com/auth/devstorage.read_only",
                      "https://www.googleapis.com/auth/logging.write",
                      "https://www.googleapis.com/auth/monitoring"
                    ],
                    "preemptible": false,
                    "reservation_affinity": [],
                    "resource_labels": {},
                    "resource_manager_tags": {},
                    "service_account": "default",
                    "shielded_instance_config": [
                      {
                        "enable_integrity_monitoring": true,
                        "enable_secure_boot": false
                      }
                    ],
                    "sole_tenant_config": [],
                    "spot": false,
                    "tags": [],
                    "taint": [],
                    "workload_metadata_config": []
                  }
                ],
                "node_count": 1,
                "node_locations": [
                  "asia-northeast3-a",
                  "asia-northeast3-b",
                  "asia-northeast3-c"
                ],
                "placement_policy": [],
                "queued_provisioning": [],
                "upgrade_settings": [
                  {
                    "blue_green_settings": [],
                    "max_surge": 1,
                    "max_unavailable": 0,
                    "strategy": "SURGE"
                  }
                ],
                "version": "1.28.7-gke.1026000"
              }
            ],
            "node_pool_auto_config": [],
            "node_pool_defaults": [
              {
                "node_config_defaults": [
                  {
                    "logging_variant": "DEFAULT"
                  }
                ]
              }
            ],
            "node_version": "1.28.7-gke.1026000",
            "notification_config": [
              {
                "pubsub": [
                  {
                    "enabled": false,
                    "filter": [],
                    "topic": ""
                  }
                ]
              }
            ],
            "operation": null,
            "private_cluster_config": [
              {
                "enable_private_endpoint": false,
                "enable_private_nodes": false,
                "master_global_access_config": [
                  {
                    "enabled": false
                  }
                ],
                "master_ipv4_cidr_block": "",
                "peering_name": "",
                "private_endpoint": "10.0.1.2",
                "private_endpoint_subnetwork": "",
                "public_endpoint": "34.64.133.198"
              }
            ],
            "private_ipv6_google_access": "",
            "project": "portfogram-k8s",
            "release_channel": [
              {
                "channel": "REGULAR"
              }
            ],
            "remove_default_node_pool": true,
            "resource_labels": {},
            "resource_usage_export_config": [],
            "security_posture_config": [
              {
                "mode": "BASIC",
                "vulnerability_mode": "VULNERABILITY_MODE_UNSPECIFIED"
              }
            ],
            "self_link": "https://container.googleapis.com/v1/projects/portfogram-k8s/locations/asia-northeast3/clusters/portfogram-cluster",
            "service_external_ips_config": [
              {
                "enabled": false
              }
            ],
            "services_ipv4_cidr": "10.170.128.0/20",
            "subnetwork": "projects/portfogram-k8s/regions/asia-northeast3/subnetworks/dev-subnet",
            "timeouts": null,
            "tpu_ipv4_cidr_block": "",
            "vertical_pod_autoscaling": [],
            "workload_identity_config": []
          },
          "sensitive_attributes": [
            [
              {
                "type": "get_attr",
                "value": "master_auth"
              },
              {
                "type": "index",
                "value": {
                  "value": 0,
                  "type": "number"
                }
              },
              {
                "type": "get_attr",
                "value": "client_key"
              }
            ]
          ],
          "private": "eyJlMmJmYjczMC1lY2FhLTExZTYtOGY4OC0zNDM2M2JjN2M0YzAiOnsiY3JlYXRlIjoyNDAwMDAwMDAwMDAwLCJkZWxldGUiOjI0MDAwMDAwMDAwMDAsInJlYWQiOjI0MDAwMDAwMDAwMDAsInVwZGF0ZSI6MzYwMDAwMDAwMDAwMH0sInNjaGVtYV92ZXJzaW9uIjoiMiJ9",
          "dependencies": [
            "module.subnets.google_compute_subnetwork.subnet",
            "module.vpc.google_compute_network.vpc"
          ]
        }
      ]
    },
    {
      "module": "module.subnets",
      "mode": "managed",
      "type": "google_compute_subnetwork",
      "name": "subnet",
      "provider": "module.subnets.provider[\"registry.terraform.io/hashicorp/google\"]",
      "instances": [
        {
          "index_key": 0,
          "schema_version": 0,
          "attributes": {
            "creation_timestamp": "2024-05-02T04:54:51.107-07:00",
            "description": "",
            "external_ipv6_prefix": "",
            "fingerprint": null,
            "gateway_address": "10.0.1.1",
            "id": "projects/portfogram-k8s/regions/asia-northeast3/subnetworks/dev-subnet",
            "internal_ipv6_prefix": "",
            "ip_cidr_range": "10.0.1.0/24",
            "ipv6_access_type": "",
            "ipv6_cidr_range": "",
            "log_config": [],
            "name": "dev-subnet",
            "network": "https://www.googleapis.com/compute/v1/projects/portfogram-k8s/global/networks/dev-vpc",
            "private_ip_google_access": true,
            "private_ipv6_google_access": "DISABLE_GOOGLE_ACCESS",
            "project": "portfogram-k8s",
            "purpose": "PRIVATE",
            "region": "asia-northeast3",
            "role": "",
            "secondary_ip_range": [
              {
                "ip_cidr_range": "10.248.0.0/14",
                "range_name": "gke-portfogram-cluster-pods-4912ecfd"
              },
              {
                "ip_cidr_range": "10.170.128.0/20",
                "range_name": "gke-portfogram-cluster-services-4912ecfd"
              }
            ],
            "self_link": "https://www.googleapis.com/compute/v1/projects/portfogram-k8s/regions/asia-northeast3/subnetworks/dev-subnet",
            "stack_type": "IPV4_ONLY",
            "timeouts": null
          },
          "sensitive_attributes": [],
          "private": "eyJlMmJmYjczMC1lY2FhLTExZTYtOGY4OC0zNDM2M2JjN2M0YzAiOnsiY3JlYXRlIjoxMjAwMDAwMDAwMDAwLCJkZWxldGUiOjEyMDAwMDAwMDAwMDAsInVwZGF0ZSI6MTIwMDAwMDAwMDAwMH19",
          "dependencies": [
            "module.vpc.google_compute_network.vpc"
          ]
        }
      ]
    },
    {
      "module": "module.vpc",
      "mode": "managed",
      "type": "google_compute_network",
      "name": "vpc",
      "provider": "module.vpc.provider[\"registry.terraform.io/hashicorp/google\"]",
      "instances": [
        {
          "index_key": 0,
          "schema_version": 0,
          "attributes": {
            "auto_create_subnetworks": false,
            "delete_default_routes_on_create": false,
            "description": "",
            "enable_ula_internal_ipv6": false,
            "gateway_ipv4": "",
            "id": "projects/portfogram-k8s/global/networks/dev-vpc",
            "internal_ipv6_range": "",
            "mtu": 0,
            "name": "dev-vpc",
            "network_firewall_policy_enforcement_order": "AFTER_CLASSIC_FIREWALL",
            "numeric_id": "5610842143542132754",
            "project": "portfogram-k8s",
            "routing_mode": "REGIONAL",
            "self_link": "https://www.googleapis.com/compute/v1/projects/portfogram-k8s/global/networks/dev-vpc",
            "timeouts": null
          },
          "sensitive_attributes": [],
          "private": "eyJlMmJmYjczMC1lY2FhLTExZTYtOGY4OC0zNDM2M2JjN2M0YzAiOnsiY3JlYXRlIjoxMjAwMDAwMDAwMDAwLCJkZWxldGUiOjEyMDAwMDAwMDAwMDAsInVwZGF0ZSI6MTIwMDAwMDAwMDAwMH19"
        }
      ]
    }
  ],
  "check_results": null
}
