{
  "version": 4,
  "terraform_version": "1.8.1",
  "serial": 34,
  "lineage": "a3cd1805-9d17-147b-6a43-ef85894e7ef0",
  "outputs": {},
  "resources": [
    {
      "module": "module.dns",
      "mode": "managed",
      "type": "google_dns_managed_zone",
      "name": "dns_zone",
      "provider": "provider[\"registry.terraform.io/hashicorp/google\"]",
      "instances": [
        {
          "schema_version": 0,
          "attributes": {
            "cloud_logging_config": [
              {
                "enable_logging": false
              }
            ],
            "creation_time": "2024-05-08T12:11:12.124Z",
            "description": "DNS zone for minimeisme.com",
            "dns_name": "minimeisme.com.",
            "dnssec_config": [],
            "effective_labels": {},
            "force_destroy": false,
            "forwarding_config": [],
            "id": "projects/portfogram-k8s/managedZones/minimeisme-zone",
            "labels": null,
            "managed_zone_id": 4451837810475301322,
            "name": "minimeisme-zone",
            "name_servers": [
              "ns-cloud-a1.googledomains.com.",
              "ns-cloud-a2.googledomains.com.",
              "ns-cloud-a3.googledomains.com.",
              "ns-cloud-a4.googledomains.com."
            ],
            "peering_config": [],
            "private_visibility_config": [],
            "project": "portfogram-k8s",
            "terraform_labels": {},
            "timeouts": null,
            "visibility": "public"
          },
          "sensitive_attributes": [],
          "private": "eyJlMmJmYjczMC1lY2FhLTExZTYtOGY4OC0zNDM2M2JjN2M0YzAiOnsiY3JlYXRlIjoxMjAwMDAwMDAwMDAwLCJkZWxldGUiOjEyMDAwMDAwMDAwMDAsInVwZGF0ZSI6MTIwMDAwMDAwMDAwMH19"
        }
      ]
    },
    {
      "module": "module.dns",
      "mode": "managed",
      "type": "google_dns_record_set",
      "name": "argocd_dns_record",
      "provider": "provider[\"registry.terraform.io/hashicorp/google\"]",
      "instances": [
        {
          "schema_version": 0,
          "attributes": {
            "id": "projects/portfogram-k8s/managedZones/minimeisme-zone/rrsets/argocd.minimeisme.com./A",
            "managed_zone": "minimeisme-zone",
            "name": "argocd.minimeisme.com.",
            "project": "portfogram-k8s",
            "routing_policy": [],
            "rrdatas": [
              "34.47.92.72"
            ],
            "ttl": 300,
            "type": "A"
          },
          "sensitive_attributes": [],
          "private": "bnVsbA==",
          "dependencies": [
            "module.dns.google_dns_managed_zone.dns_zone",
            "module.gke.google_container_cluster.primary",
            "module.subnets.google_compute_subnetwork.subnet",
            "module.vpc.google_compute_network.vpc"
          ]
        }
      ]
    },
    {
      "module": "module.gke",
      "mode": "data",
      "type": "google_compute_zones",
      "name": "available",
      "provider": "provider[\"registry.terraform.io/hashicorp/google\"]",
      "instances": [
        {
          "schema_version": 0,
          "attributes": {
            "id": "projects/portfogram-k8s/regions/",
            "names": [],
            "project": "portfogram-k8s",
            "region": "",
            "status": null
          },
          "sensitive_attributes": []
        }
      ]
    },
    {
      "module": "module.gke",
      "mode": "managed",
      "type": "google_container_cluster",
      "name": "primary",
      "provider": "provider[\"registry.terraform.io/hashicorp/google\"]",
      "instances": [
        {
          "schema_version": 2,
          "attributes": {
            "addons_config": [
              {
                "cloudrun_config": [],
                "config_connector_config": [],
                "dns_cache_config": [],
                "gce_persistent_disk_csi_driver_config": [
                  {
                    "enabled": true
                  }
                ],
                "gcp_filestore_csi_driver_config": [],
                "gcs_fuse_csi_driver_config": [],
                "gke_backup_agent_config": [],
                "horizontal_pod_autoscaling": [],
                "http_load_balancing": [],
                "network_policy_config": [
                  {
                    "disabled": true
                  }
                ],
                "stateful_ha_config": []
              }
            ],
            "allow_net_admin": null,
            "authenticator_groups_config": [],
            "binary_authorization": [
              {
                "enabled": false,
                "evaluation_mode": ""
              }
            ],
            "cluster_autoscaling": [
              {
                "auto_provisioning_defaults": [],
                "autoscaling_profile": "BALANCED",
                "enabled": false,
                "resource_limits": []
              }
            ],
            "cluster_ipv4_cidr": "10.240.0.0/14",
            "confidential_nodes": [],
            "cost_management_config": [],
            "database_encryption": [
              {
                "key_name": "",
                "state": "DECRYPTED"
              }
            ],
            "datapath_provider": "",
            "default_max_pods_per_node": 110,
            "default_snat_status": [
              {
                "disabled": false
              }
            ],
            "deletion_protection": false,
            "description": "",
            "dns_config": [],
            "enable_autopilot": false,
            "enable_cilium_clusterwide_network_policy": false,
            "enable_intranode_visibility": false,
            "enable_k8s_beta_apis": [],
            "enable_kubernetes_alpha": false,
            "enable_l4_ilb_subsetting": false,
            "enable_legacy_abac": false,
            "enable_shielded_nodes": true,
            "enable_tpu": false,
            "endpoint": "34.47.92.72",
            "fleet": [],
            "gateway_api_config": [],
            "id": "projects/portfogram-k8s/locations/asia-northeast3/clusters/prod-cluster",
            "identity_service_config": [],
            "initial_node_count": 0,
            "ip_allocation_policy": [
              {
                "additional_pod_ranges_config": [],
                "cluster_ipv4_cidr_block": "10.240.0.0/14",
                "cluster_secondary_range_name": "gke-prod-cluster-pods-65d95916",
                "pod_cidr_overprovision_config": [
                  {
                    "disabled": false
                  }
                ],
                "services_ipv4_cidr_block": "10.12.224.0/20",
                "services_secondary_range_name": "gke-prod-cluster-services-65d95916",
                "stack_type": "IPV4"
              }
            ],
            "label_fingerprint": "a9dc16a7",
            "location": "asia-northeast3",
            "logging_config": [
              {
                "enable_components": [
                  "SYSTEM_COMPONENTS",
                  "WORKLOADS"
                ]
              }
            ],
            "logging_service": "logging.googleapis.com/kubernetes",
            "maintenance_policy": [],
            "master_auth": [
              {
                "client_certificate": "LS0tLS1CRUdJTiBDRVJUSUZJQ0FURS0tLS0tCk1JSURvVENDQWdtZ0F3SUJBZ0lSQU1ZemE5Vy9acmFsejJVZzVac0Vab2d3RFFZSktvWklodmNOQVFFTEJRQXcKTHpFdE1Dc0dBMVVFQXhNa05UWTBNbUZoWm1JdFlXUTBOUzAwT0RNMkxUZzBabU10Wm1ReFpXSXhaVGhrTldRMApNQjRYRFRJME1EVXdPREV5TURrME9Gb1hEVEk1TURVd056RXlNVEUwT0Zvd0VURVBNQTBHQTFVRUF4TUdZMnhwClpXNTBNSUlCSWpBTkJna3Foa2lHOXcwQkFRRUZBQU9DQVE4QU1JSUJDZ0tDQVFFQTVJVXkvdWZRYk0wUksyZ2oKR0pyR3YxQllCWHd3VHhkY1VlaXJobldpWWpPdjlDY2hrYWJuaWJLYzY3WFJoOHhVSVRML0RUWjRJK21xL2VmaQovN0VZaDEvM3BJL2dWYU8ycnowcjREbGd6SzFXSlljSzlVUkpLT2hwU2J6TzBUWFp5VHJkSENaclNUMHk2bFk4CjRCZjJxSG1ybUpVWkhwbXA1R2hRMVhDK0FJeEFNMVlObVlJNTNhR2g1ZlFCQ0hzM3dxQ05xRWNzOU4xcUpHUWoKalVHeXIzNnhWZXgvL20zZFFHQ0ZieXI5MWNrUlE1MERCUmZmT3A4T2FlaHQxSjFYUmYwa1RVMU5jMm5ZSHFBbQpmayt3ZTBydjh5Nks1YTZ3UTVsazgyRWtqWGgxRm5yMXQ1SWxOS21SQ1NpdFptMUJ1eXVYVUIxS0JOTlZoWHNwCjVKb3dtd0lEQVFBQm8xWXdWREFPQmdOVkhROEJBZjhFQkFNQ0JhQXdFd1lEVlIwbEJBd3dDZ1lJS3dZQkJRVUgKQXdJd0RBWURWUjBUQVFIL0JBSXdBREFmQmdOVkhTTUVHREFXZ0JTdnh4MEx6ME1TRlVRYzE1Ukx0L01MblM0eApmVEFOQmdrcWhraUc5dzBCQVFzRkFBT0NBWUVBcFRmWnpUTXh1UFdkVkd4MHoyS1dnWExRZ2dJWXVRdjhYYVNqCnJscEVxcHd5bEk4V0Z6ak8xenJHd0NiVS9DT3RFZzRtTzVObk1BR0VnM0JTWml6aTUwdS9NbVZFVDVUNG5ScFEKNldITzF2RTU0dllXZVN0UDU1c09PWGZMSnlRcmFpSTh1Q0tWeEZFNGV5VEljRGh2UTdCWERtNHJva0lvQmdpWQoydzBLY0p4b0piSExUV2NWelk1Vk5xcmhhR3piUnpCclpTV1dCdldsWkZBV0tvaGpnVDk4UmRiWEVrcWVoMW1LCnQvMnowcUVJaXVhMk5PQ1U2emh4ZmxRcjBDWkZzMWRRdjFVYUdpSysyTE0xdzhTV2psa1BLK0RTRUJyQmIxekUKZ3FYRDlxUnBqWU1PNmhrdjV2NmU2eXFZR0syVHVhY3ozYlh2NkZtajBoMkZvRWpWaUpyR0VVempEMmY3QWROSgpXRFNoRmU1UVFyQmRTT1BDOTNRN2k0bm9QcytZOUN6Z0VmL1hCaStrTEdkSkozN1ZnK1A1WUxQdE1HVkVWc3NMCmRvV1dqNllkaUNWbUI0cnZFelladzVRTTdBbDB3WmM0dDdjZlE1akdMNWRVNDZlUnZienR5cWtGZDg3SlR3NmEKMlhSZG5OOUlYeTRlaHdIazZldWVzanZuWG9NZwotLS0tLUVORCBDRVJUSUZJQ0FURS0tLS0tCg==",
                "client_certificate_config": [
                  {
                    "issue_client_certificate": true
                  }
                ],
                "client_key": "LS0tLS1CRUdJTiBSU0EgUFJJVkFURSBLRVktLS0tLQpNSUlFcEFJQkFBS0NBUUVBNUlVeS91ZlFiTTBSSzJnakdKckd2MUJZQlh3d1R4ZGNVZWlyaG5XaVlqT3Y5Q2NoCmthYm5pYktjNjdYUmg4eFVJVEwvRFRaNEkrbXEvZWZpLzdFWWgxLzNwSS9nVmFPMnJ6MHI0RGxneksxV0pZY0sKOVVSSktPaHBTYnpPMFRYWnlUcmRIQ1pyU1QweTZsWTg0QmYycUhtcm1KVVpIcG1wNUdoUTFYQytBSXhBTTFZTgptWUk1M2FHaDVmUUJDSHMzd3FDTnFFY3M5TjFxSkdRampVR3lyMzZ4VmV4Ly9tM2RRR0NGYnlyOTFja1JRNTBECkJSZmZPcDhPYWVodDFKMVhSZjBrVFUxTmMybllIcUFtZmsrd2UwcnY4eTZLNWE2d1E1bGs4MkVralhoMUZucjEKdDVJbE5LbVJDU2l0Wm0xQnV5dVhVQjFLQk5OVmhYc3A1Sm93bXdJREFRQUJBb0lCQUFFK1dGQ3lYdCtRUm9qbwpDa1Y3eTJXMTIzcW95ekJtWEZxcnBhdTVidU5PK0JDdFUwOVZmYytXcFhKR1NjQ045QmdXeVhyVzBrNEV4eFRNClVUQlZpaXFHb2xMR3QxZEdzeHVXRWFHVW9PRDFoTG1tU25vODRza0lUdkxKNFVweUtKSzJFeFN3V0dsVEYweXUKVDZxMFRrSU1jWTM1VXBOYkFDK1J5OXR4c2dtRmM5dlNLL05vYWxSYjBzWC82TnRMaVZiamRUVVVCeDAyNTQ0awpIcW1GYWVOYVV2Ym5na0I3V0kzWkRQaytZamczVjF4OWdacGQyNi83UEVTcEhYSGdDNGNyTHJEcjZPNkJJVEhnClhHMndFS2g2dmVyU3pEQTRBeGFlNTZ3a1B2QTN6cHk3SHhkVjRUUERQbnoxTThLK0IvWGpGNWQ5b2h0SUFjRXEKbDN4NTdjRUNnWUVBK2hCUFZFQ1gyazBQMkN3V2YyRmFaT2VTemFmLzRnK2ozeHU5b2MxcnhCRXRDRzR2QXdNVApCcnFzQlVmclJwNEs2aEsrWHpDYTFJSXkveTlaSWRjTVNiUWN2YUZCTFJ4S2J6YTBhbEhBK200N0tyVDBNOHA1CkRmYjRicTRWWVhsT1RCQ28rRWdvZDJCdnhSc3hMTlZpbmFhdlJhOHdrYWVYZlpHL25QM3FDbzhDZ1lFQTZmSDMKSzlKT09mdjdsM1E4b0psbGJrZ0xhaFRaNU1DUWZYQVppY28xYVdJcjROaGRKajZxZmJac1d0ZDI5VWFrS1ViRAptUXBmVHNQR0daUmtFM0Mxck0vYS9Gdm1PWUhGUVVVYWx6Q1Y4WUVacjdmU0s5WUF5UStuN2duMnZJekE2WjVxCjV0RVltQmozelprYmpzL1V0d2RwNE5uc3lGVEQzWFQreU05T2J6VUNnWUIzZFlzd0tKdGlnaVhyazBROEhmbmMKOG5QREkxcXVWK0psRncrRVdHbi9CR1dLL1hnZjdEd09udWJHcnhES2IzMnZUTHo5Skc4U3poQW1zQ3ZZYXE5SQpGbThVZUJCMnlHa1dyLytJT3Y0QnBOOUhDNk1OaXRCQng1WHU2ZUwwNmNwcHRCdkVZRlJVa3hGU0RDZDF6NHFJCjNiUWxpZ2Vkelg0bFVwZERIRm5PS1FLQmdRRFhxeUlqT3VpMDJkRVJ5YTJPbkh0K2xGbzVmR2wzVWZLaVFUSzUKN1RrYUlzK3lvNlFUK3RkdnR6bmk4Um1RZW9RaUxVTnFsYjVSUFhnbDRyL3prQWRiL2U2eWtRSUg1OU55SFlPcQo5N1p6Z29Hc2xYaml3cEhNeVdzVnJnZlJ3S3lqY2xDNDR2Q2FYd0lyZnNlQis2VHM2cCs0RXc4UGk5MVpEbDlICnZwMWZOUUtCZ1FDMXZxaisrbTFjMjRiRHcwK21rZUpCYm1BbXJFQ0UxRERsZlk5K29JdzdIYURZbTBrN1V4NGwKMkNZcUVNbk1HcE9LVnNIc1VYdDl4VlVUQ0pkUkRGWTVQTVpkekhTN01zQUpIVTkrMWRkQnlPMXVWc2x5dTVlOAoyNVFVRHl3YVFNamdqcFlHdENpazA3MjE5V0c1dTFISm9MVFUzYnJONzdBdldEVVRUQXFkR3c9PQotLS0tLUVORCBSU0EgUFJJVkFURSBLRVktLS0tLQo=",
                "cluster_ca_certificate": "LS0tLS1CRUdJTiBDRVJUSUZJQ0FURS0tLS0tCk1JSUVMVENDQXBXZ0F3SUJBZ0lSQVB5Vy90SUhCT0pvaVRXUUNZcGF2Vjh3RFFZSktvWklodmNOQVFFTEJRQXcKTHpFdE1Dc0dBMVVFQXhNa05UWTBNbUZoWm1JdFlXUTBOUzAwT0RNMkxUZzBabU10Wm1ReFpXSXhaVGhrTldRMApNQ0FYRFRJME1EVXdPREV4TVRFME9Gb1lEekl3TlRRd05UQXhNVEl4TVRRNFdqQXZNUzB3S3dZRFZRUURFeVExCk5qUXlZV0ZtWWkxaFpEUTFMVFE0TXpZdE9EUm1ZeTFtWkRGbFlqRmxPR1ExWkRRd2dnR2lNQTBHQ1NxR1NJYjMKRFFFQkFRVUFBNElCandBd2dnR0tBb0lCZ1FDdkFwd25FeUY4cXF0VTVrYmVPMm1xbndjcnBtRFlyQ0RNeXRrRApBS2hLWDlhTFpVbGNQdWdEWUdrWk0wUjVUMDFkWFhxem1Bdk11b0lIbTZtMzlpd2x6NC9aaUVDRGFDdTdVQVZwCk1xeHpkSS83T2pYeGJZNDhnR0p4SGdjWjkyZmVLTE1GZmpHREJ6eUJzOXRiZzJ4ZlRpNUpNZEI4YzBKbWFwbXoKQ0E4alZzYnBmOGFkMmU1YU4yeEV0M3RWWFROckEvd0V0T2hZTXgyZVJTdE9GeFhkSWovdWlvY1VtVWlHbTVaMgo0TGJvM1hjanVHdC8wNWFGQW8zS0p0Vno5Nld2Y3J3dzNhT25nZGpRMjlwSmExbWdEYTRwV2hGekl6YkJjdmlLCllUSWxyemFvRVZMMVh6aXdMNzBQL3lSb2dZeUplQ2xLblNyN244Y2EvOTlFcTZxRmtvZXhvQWlVOUl5R3VQSXUKK2hJTTFScVo4WVJ1Z2lIdmpFN2xlOGVDUEg5cDZhQ294S28zTmpoK1hHcitaQkNId3ZLMCtPOGlJOCswdEYxVApEb25EWWF6RnNqbjl2dDZaVHRrajl3N3FGeFJZYUxyc2JCeUVuL3lHQU5JSVhPeUlTNkEzbzF2d2Myb2U0dmZJCkRQcEtEMC92dmFaTDlsSzNlTVNiQU1ISGJ1RUNBd0VBQWFOQ01FQXdEZ1lEVlIwUEFRSC9CQVFEQWdJRU1BOEcKQTFVZEV3RUIvd1FGTUFNQkFmOHdIUVlEVlIwT0JCWUVGSy9ISFF2UFF4SVZSQnpYbEV1Mzh3dWRMakY5TUEwRwpDU3FHU0liM0RRRUJDd1VBQTRJQmdRQUVHZmh4R1A4TzRRR2o1L041MkxGV2wrM0ZPZkt2UlRFYVdCUDhNUHZxCm9maHcyZjJ3UlNlQ1NzU0V1RzdLeVBIbDJxclJtc0JFRkIxSDI3ZVl6bnUvTldPN1Mva1kxZGI5Q3hmYzJEbW4KT21ZTzhlMStJK3dFZVR6andIbHRXK2Y5aGpPNEo5V2FyTWUzT09VSXhpOHYvSXhlNVk0dk9SSVFBR1plVXFtTgp2clIraWRhekovQTlUbmltd2tNSGErdXdlMTRDRUllVHVYckI3c2lWS2dmT0lMY0o3K1YyWGsvYlRXMm5ZVTgyCll6UHlnbXYvZnd5M2UyQ05NY2N0bTd5QkZES01qTVJrOENRZEdvMVJERjZTQW4vblNSKzRGQjVDd0Y2aTNWRlAKWHJhK21nOEkwM2VmeFZ2bDEvclVDcTFEUXFucTVoWTV4Nmh6b3o3NElGZHJtQzliVkxKWitCdDVTUVQ2MFVSRQo0MWVlUHhtTlNyK0Y0OHR4Y3h3VmQyN0hkenBlSHpGTmZVSnZ5RjlKQVNhNGI0RWNrNEtDTlRFNUR0cTk5S1B6ClpOYTlMd2VFa1FWLy9qdkxnYzdtTHNDa3hzOFlzSys4Y2RyZGhZVTBWYXBpTGpsM3NDdWF3NlBhcHZOek11OTEKZTVYVjRYeDNaV05lcWVKSE9GNWwvUk09Ci0tLS0tRU5EIENFUlRJRklDQVRFLS0tLS0K"
              }
            ],
            "master_authorized_networks_config": [],
            "master_version": "1.28.7-gke.1026000",
            "mesh_certificates": [],
            "min_master_version": null,
            "monitoring_config": [
              {
                "advanced_datapath_observability_config": [
                  {
                    "enable_metrics": false,
                    "enable_relay": false,
                    "relay_mode": "DISABLED"
                  }
                ],
                "enable_components": [
                  "SYSTEM_COMPONENTS"
                ],
                "managed_prometheus": [
                  {
                    "enabled": true
                  }
                ]
              }
            ],
            "monitoring_service": "monitoring.googleapis.com/kubernetes",
            "name": "prod-cluster",
            "network": "projects/portfogram-k8s/global/networks/prod-vpc",
            "network_policy": [
              {
                "enabled": false,
                "provider": "PROVIDER_UNSPECIFIED"
              }
            ],
            "networking_mode": "VPC_NATIVE",
            "node_config": [
              {
                "advanced_machine_features": [],
                "boot_disk_kms_key": "",
                "confidential_nodes": [],
                "disk_size_gb": 10,
                "disk_type": "pd-balanced",
                "effective_taints": [],
                "enable_confidential_storage": false,
                "ephemeral_storage_local_ssd_config": [],
                "fast_socket": [],
                "gcfs_config": [],
                "guest_accelerator": [],
                "gvnic": [],
                "host_maintenance_policy": [],
                "image_type": "UBUNTU_CONTAINERD",
                "kubelet_config": [],
                "labels": {},
                "linux_node_config": [],
                "local_nvme_ssd_block_config": [],
                "local_ssd_count": 0,
                "logging_variant": "DEFAULT",
                "machine_type": "e2-medium",
                "metadata": {
                  "disable-legacy-endpoints": "true"
                },
                "min_cpu_platform": "",
                "node_group": "",
                "oauth_scopes": [
                  "https://www.googleapis.com/auth/compute",
                  "https://www.googleapis.com/auth/devstorage.read_only",
                  "https://www.googleapis.com/auth/logging.write",
                  "https://www.googleapis.com/auth/monitoring"
                ],
                "preemptible": false,
                "reservation_affinity": [],
                "resource_labels": {},
                "resource_manager_tags": {},
                "service_account": "default",
                "shielded_instance_config": [
                  {
                    "enable_integrity_monitoring": true,
                    "enable_secure_boot": false
                  }
                ],
                "sole_tenant_config": [],
                "spot": false,
                "tags": [],
                "taint": [],
                "workload_metadata_config": []
              }
            ],
            "node_locations": [
              "asia-northeast3-a",
              "asia-northeast3-b",
              "asia-northeast3-c"
            ],
            "node_pool": [
              {
                "autoscaling": [],
                "initial_node_count": 1,
                "instance_group_urls": [
                  "https://www.googleapis.com/compute/v1/projects/portfogram-k8s/zones/asia-northeast3-a/instanceGroupManagers/gke-prod-cluster-prod-cluster-pool-51f3be92-grp",
                  "https://www.googleapis.com/compute/v1/projects/portfogram-k8s/zones/asia-northeast3-b/instanceGroupManagers/gke-prod-cluster-prod-cluster-pool-c0dfb3ac-grp",
                  "https://www.googleapis.com/compute/v1/projects/portfogram-k8s/zones/asia-northeast3-c/instanceGroupManagers/gke-prod-cluster-prod-cluster-pool-bb5d3896-grp"
                ],
                "managed_instance_group_urls": [
                  "https://www.googleapis.com/compute/v1/projects/portfogram-k8s/zones/asia-northeast3-a/instanceGroups/gke-prod-cluster-prod-cluster-pool-51f3be92-grp",
                  "https://www.googleapis.com/compute/v1/projects/portfogram-k8s/zones/asia-northeast3-b/instanceGroups/gke-prod-cluster-prod-cluster-pool-c0dfb3ac-grp",
                  "https://www.googleapis.com/compute/v1/projects/portfogram-k8s/zones/asia-northeast3-c/instanceGroups/gke-prod-cluster-prod-cluster-pool-bb5d3896-grp"
                ],
                "management": [
                  {
                    "auto_repair": true,
                    "auto_upgrade": true
                  }
                ],
                "max_pods_per_node": 110,
                "name": "prod-cluster-pool",
                "name_prefix": "",
                "network_config": [
                  {
                    "create_pod_range": false,
                    "enable_private_nodes": false,
                    "network_performance_config": [],
                    "pod_cidr_overprovision_config": [],
                    "pod_ipv4_cidr_block": "10.240.0.0/14",
                    "pod_range": "gke-prod-cluster-pods-65d95916"
                  }
                ],
                "node_config": [
                  {
                    "advanced_machine_features": [],
                    "boot_disk_kms_key": "",
                    "confidential_nodes": [],
                    "disk_size_gb": 10,
                    "disk_type": "pd-balanced",
                    "effective_taints": [],
                    "enable_confidential_storage": false,
                    "ephemeral_storage_local_ssd_config": [],
                    "fast_socket": [],
                    "gcfs_config": [],
                    "guest_accelerator": [],
                    "gvnic": [],
                    "host_maintenance_policy": [],
                    "image_type": "UBUNTU_CONTAINERD",
                    "kubelet_config": [],
                    "labels": {},
                    "linux_node_config": [],
                    "local_nvme_ssd_block_config": [],
                    "local_ssd_count": 0,
                    "logging_variant": "DEFAULT",
                    "machine_type": "e2-medium",
                    "metadata": {
                      "disable-legacy-endpoints": "true"
                    },
                    "min_cpu_platform": "",
                    "node_group": "",
                    "oauth_scopes": [
                      "https://www.googleapis.com/auth/compute",
                      "https://www.googleapis.com/auth/devstorage.read_only"
                    ],
                    "preemptible": false,
                    "reservation_affinity": [],
                    "resource_labels": null,
                    "resource_manager_tags": null,
                    "service_account": "default",
                    "shielded_instance_config": [
                      {
                        "enable_integrity_monitoring": true,
                        "enable_secure_boot": false
                      }
                    ],
                    "sole_tenant_config": [],
                    "spot": false,
                    "tags": null,
                    "taint": [],
                    "workload_metadata_config": []
                  }
                ],
                "node_count": 1,
                "node_locations": [
                  "asia-northeast3-a",
                  "asia-northeast3-b",
                  "asia-northeast3-c"
                ],
                "placement_policy": [],
                "queued_provisioning": [],
                "upgrade_settings": [
                  {
                    "blue_green_settings": [],
                    "max_surge": 1,
                    "max_unavailable": 0,
                    "strategy": "SURGE"
                  }
                ],
                "version": "1.28.7-gke.1026000"
              }
            ],
            "node_pool_auto_config": [],
            "node_pool_defaults": [
              {
                "node_config_defaults": [
                  {
                    "logging_variant": "DEFAULT"
                  }
                ]
              }
            ],
            "node_version": "1.28.7-gke.1026000",
            "notification_config": [
              {
                "pubsub": [
                  {
                    "enabled": false,
                    "filter": [],
                    "topic": ""
                  }
                ]
              }
            ],
            "operation": null,
            "private_cluster_config": [
              {
                "enable_private_endpoint": false,
                "enable_private_nodes": false,
                "master_global_access_config": [
                  {
                    "enabled": false
                  }
                ],
                "master_ipv4_cidr_block": "",
                "peering_name": "",
                "private_endpoint": "10.0.1.2",
                "private_endpoint_subnetwork": "",
                "public_endpoint": "34.47.92.72"
              }
            ],
            "private_ipv6_google_access": "",
            "project": "portfogram-k8s",
            "release_channel": [
              {
                "channel": "REGULAR"
              }
            ],
            "remove_default_node_pool": null,
            "resource_labels": null,
            "resource_usage_export_config": [],
            "security_posture_config": [
              {
                "mode": "BASIC",
                "vulnerability_mode": "VULNERABILITY_MODE_UNSPECIFIED"
              }
            ],
            "self_link": "https://container.googleapis.com/v1/projects/portfogram-k8s/locations/asia-northeast3/clusters/prod-cluster",
            "service_external_ips_config": [
              {
                "enabled": false
              }
            ],
            "services_ipv4_cidr": "10.12.224.0/20",
            "subnetwork": "projects/portfogram-k8s/regions/asia-northeast3/subnetworks/prod-subnet",
            "timeouts": null,
            "tpu_ipv4_cidr_block": "",
            "vertical_pod_autoscaling": [],
            "workload_identity_config": []
          },
          "sensitive_attributes": [
            [
              {
                "type": "get_attr",
                "value": "master_auth"
              },
              {
                "type": "index",
                "value": {
                  "value": 0,
                  "type": "number"
                }
              },
              {
                "type": "get_attr",
                "value": "client_key"
              }
            ]
          ],
          "private": "eyJlMmJmYjczMC1lY2FhLTExZTYtOGY4OC0zNDM2M2JjN2M0YzAiOnsiY3JlYXRlIjoyNDAwMDAwMDAwMDAwLCJkZWxldGUiOjI0MDAwMDAwMDAwMDAsInJlYWQiOjI0MDAwMDAwMDAwMDAsInVwZGF0ZSI6MzYwMDAwMDAwMDAwMH0sInNjaGVtYV92ZXJzaW9uIjoiMiJ9",
          "dependencies": [
            "module.subnets.google_compute_subnetwork.subnet",
            "module.vpc.google_compute_network.vpc"
          ]
        }
      ]
    },
    {
      "module": "module.gke",
      "mode": "managed",
      "type": "google_container_node_pool",
      "name": "primary_nodes",
      "provider": "provider[\"registry.terraform.io/hashicorp/google\"]",
      "instances": [
        {
          "status": "tainted",
          "schema_version": 1,
          "attributes": {
            "autoscaling": [],
            "cluster": "prod-cluster",
            "id": "projects/portfogram-k8s/locations/asia-northeast3/clusters/prod-cluster/nodePools/prod-cluster-node-pool",
            "initial_node_count": null,
            "instance_group_urls": null,
            "location": "asia-northeast3",
            "managed_instance_group_urls": null,
            "management": [
              {
                "auto_repair": false,
                "auto_upgrade": false
              }
            ],
            "max_pods_per_node": null,
            "name": "prod-cluster-node-pool",
            "name_prefix": null,
            "network_config": null,
            "node_config": [
              {
                "advanced_machine_features": [],
                "boot_disk_kms_key": "",
                "confidential_nodes": [],
                "disk_size_gb": 0,
                "disk_type": "",
                "effective_taints": [],
                "enable_confidential_storage": false,
                "ephemeral_storage_local_ssd_config": [],
                "fast_socket": [],
                "gcfs_config": [],
                "guest_accelerator": [],
                "gvnic": [],
                "host_maintenance_policy": [],
                "image_type": "",
                "kubelet_config": [],
                "labels": {},
                "linux_node_config": [],
                "local_nvme_ssd_block_config": [],
                "local_ssd_count": 0,
                "logging_variant": "",
                "machine_type": "e2-medium",
                "metadata": {},
                "min_cpu_platform": "",
                "node_group": "",
                "oauth_scopes": [
                  "https://www.googleapis.com/auth/compute",
                  "https://www.googleapis.com/auth/devstorage.read_only"
                ],
                "preemptible": false,
                "reservation_affinity": [],
                "resource_labels": null,
                "resource_manager_tags": null,
                "service_account": "",
                "shielded_instance_config": [],
                "sole_tenant_config": [],
                "spot": false,
                "tags": null,
                "taint": [],
                "workload_metadata_config": []
              }
            ],
            "node_count": 1,
            "node_locations": [],
            "operation": null,
            "placement_policy": [],
            "project": "portfogram-k8s",
            "queued_provisioning": [],
            "timeouts": null,
            "upgrade_settings": null,
            "version": null
          },
          "sensitive_attributes": [],
          "private": "eyJlMmJmYjczMC1lY2FhLTExZTYtOGY4OC0zNDM2M2JjN2M0YzAiOnsiY3JlYXRlIjoxODAwMDAwMDAwMDAwLCJkZWxldGUiOjE4MDAwMDAwMDAwMDAsInVwZGF0ZSI6MTgwMDAwMDAwMDAwMH0sInNjaGVtYV92ZXJzaW9uIjoiMSJ9",
          "dependencies": [
            "module.gke.google_container_cluster.primary",
            "module.subnets.google_compute_subnetwork.subnet",
            "module.vpc.google_compute_network.vpc"
          ]
        }
      ]
    },
    {
      "module": "module.subnets",
      "mode": "managed",
      "type": "google_compute_subnetwork",
      "name": "subnet",
      "provider": "module.subnets.provider[\"registry.terraform.io/hashicorp/google\"]",
      "instances": [
        {
          "index_key": 0,
          "schema_version": 0,
          "attributes": {
            "creation_timestamp": "2024-05-08T05:11:26.399-07:00",
            "description": "",
            "external_ipv6_prefix": "",
            "fingerprint": null,
            "gateway_address": "10.0.1.1",
            "id": "projects/portfogram-k8s/regions/asia-northeast3/subnetworks/prod-subnet",
            "internal_ipv6_prefix": "",
            "ip_cidr_range": "10.0.1.0/24",
            "ipv6_access_type": "",
            "ipv6_cidr_range": "",
            "log_config": [],
            "name": "prod-subnet",
            "network": "https://www.googleapis.com/compute/v1/projects/portfogram-k8s/global/networks/prod-vpc",
            "private_ip_google_access": false,
            "private_ipv6_google_access": "DISABLE_GOOGLE_ACCESS",
            "project": "portfogram-k8s",
            "purpose": "PRIVATE",
            "region": "asia-northeast3",
            "role": "",
            "secondary_ip_range": [],
            "self_link": "https://www.googleapis.com/compute/v1/projects/portfogram-k8s/regions/asia-northeast3/subnetworks/prod-subnet",
            "stack_type": "IPV4_ONLY",
            "timeouts": null
          },
          "sensitive_attributes": [],
          "private": "eyJlMmJmYjczMC1lY2FhLTExZTYtOGY4OC0zNDM2M2JjN2M0YzAiOnsiY3JlYXRlIjoxMjAwMDAwMDAwMDAwLCJkZWxldGUiOjEyMDAwMDAwMDAwMDAsInVwZGF0ZSI6MTIwMDAwMDAwMDAwMH19",
          "dependencies": [
            "module.vpc.google_compute_network.vpc"
          ]
        }
      ]
    },
    {
      "module": "module.vpc",
      "mode": "managed",
      "type": "google_compute_network",
      "name": "vpc",
      "provider": "module.vpc.provider[\"registry.terraform.io/hashicorp/google\"]",
      "instances": [
        {
          "index_key": 0,
          "schema_version": 0,
          "attributes": {
            "auto_create_subnetworks": false,
            "delete_default_routes_on_create": false,
            "description": "",
            "enable_ula_internal_ipv6": false,
            "gateway_ipv4": "",
            "id": "projects/portfogram-k8s/global/networks/prod-vpc",
            "internal_ipv6_range": "",
            "mtu": 0,
            "name": "prod-vpc",
            "network_firewall_policy_enforcement_order": "AFTER_CLASSIC_FIREWALL",
            "numeric_id": "307511350728774927",
            "project": "portfogram-k8s",
            "routing_mode": "REGIONAL",
            "self_link": "https://www.googleapis.com/compute/v1/projects/portfogram-k8s/global/networks/prod-vpc",
            "timeouts": null
          },
          "sensitive_attributes": [],
          "private": "eyJlMmJmYjczMC1lY2FhLTExZTYtOGY4OC0zNDM2M2JjN2M0YzAiOnsiY3JlYXRlIjoxMjAwMDAwMDAwMDAwLCJkZWxldGUiOjEyMDAwMDAwMDAwMDAsInVwZGF0ZSI6MTIwMDAwMDAwMDAwMH19"
        }
      ]
    }
  ],
  "check_results": [
    {
      "object_kind": "var",
      "config_addr": "module.vpc.var.project_id",
      "status": "pass",
      "objects": [
        {
          "object_addr": "module.vpc.var.project_id",
          "status": "pass"
        }
      ]
    },
    {
      "object_kind": "var",
      "config_addr": "module.vpc.var.vpc_name",
      "status": "pass",
      "objects": [
        {
          "object_addr": "module.vpc.var.vpc_name",
          "status": "pass"
        }
      ]
    }
  ]
}
